
Microsoft Visual Studio Solution File, Format Version 12.00
# Visual Studio Version 17
VisualStudioVersion = 17.0.32014.148
MinimumVisualStudioVersion = 10.0.40219.1
Project("{FAE04EC0-301F-11D3-BF4B-00C04F79EFBC}") = "Pokedex", "Pokedex\Pokedex.csproj", "{9FF13F09-95F3-4D3A-B04B-D6E96620873C}"
EndProject
Global
	GlobalSection(SolutionConfigurationPlatforms) = preSolution
		Debug|Any CPU = Debug|Any CPU
		Release|Any CPU = Release|Any CPU
	EndGlobalSection
	GlobalSection(ProjectConfigurationPlatforms) = postSolution
		{9FF13F09-95F3-4D3A-B04B-D6E96620873C}.Debug|Any CPU.ActiveCfg = Debug|Any CPU
		{9FF13F09-95F3-4D3A-B04B-D6E96620873C}.Debug|Any CPU.Build.0 = Debug|Any CPU
		{9FF13F09-95F3-4D3A-B04B-D6E96620873C}.Release|Any CPU.ActiveCfg = Release|Any CPU
		{9FF13F09-95F3-4D3A-B04B-D6E96620873C}.Release|Any CPU.Build.0 = Release|Any CPU
	EndGlobalSection
	GlobalSection(SolutionProperties) = preSolution
		HideSolutionNode = FALSE
	EndGlobalSection
	GlobalSection(ExtensibilityGlobals) = postSolution
		SolutionGuid = {0BEF3BC2-CBB5-4156-A4D7-4E3C10C8B04C}
	EndGlobalSection
EndGlobal
