
Microsoft Visual Studio Solution File, Format Version 12.00
# Visual Studio Version 17
VisualStudioVersion = 17.0.32014.148
MinimumVisualStudioVersion = 10.0.40219.1
Project("{9A19103F-16F7-4668-BE54-9A1E7A4F7556}") = "MvcMovie", "MvcMovie.csproj", "{0A02C019-B8B7-4CA4-99C1-724694C845A4}"
EndProject
Global
	GlobalSection(SolutionConfigurationPlatforms) = preSolution
		Debug|Any CPU = Debug|Any CPU
		Release|Any CPU = Release|Any CPU
	EndGlobalSection
	GlobalSection(ProjectConfigurationPlatforms) = postSolution
		{0A02C019-B8B7-4CA4-99C1-724694C845A4}.Debug|Any CPU.ActiveCfg = Debug|Any CPU
		{0A02C019-B8B7-4CA4-99C1-724694C845A4}.Debug|Any CPU.Build.0 = Debug|Any CPU
		{0A02C019-B8B7-4CA4-99C1-724694C845A4}.Release|Any CPU.ActiveCfg = Release|Any CPU
		{0A02C019-B8B7-4CA4-99C1-724694C845A4}.Release|Any CPU.Build.0 = Release|Any CPU
	EndGlobalSection
	GlobalSection(SolutionProperties) = preSolution
		HideSolutionNode = FALSE
	EndGlobalSection
	GlobalSection(ExtensibilityGlobals) = postSolution
		SolutionGuid = {92894910-6840-410D-8908-2AA8B7A9E770}
	EndGlobalSection
EndGlobal
